
Microsoft Visual Studio Solution File, Format Version 12.00
# Visual Studio Version 17
VisualStudioVersion = 17.7.34202.233
MinimumVisualStudioVersion = 10.0.40219.1
Project("{9A19103F-16F7-4668-BE54-9A1E7A4F7556}") = "Atividade1", "Atividade1.csproj", "{10712247-E3EF-45BF-BEAC-A8B0EB31702E}"
EndProject
Project("{FAE04EC0-301F-11D3-BF4B-00C04F79EFBC}") = "Atividade2", "Atividade2\Atividade2.csproj", "{214E943F-1A1F-4955-861A-99823BA72F7E}"
EndProject
Project("{FAE04EC0-301F-11D3-BF4B-00C04F79EFBC}") = "Atividade.3", "Atividade.3\Atividade.3.csproj", "{64912F30-797F-41DA-B5B9-87372E0345C2}"
EndProject
Project("{FAE04EC0-301F-11D3-BF4B-00C04F79EFBC}") = "Atividade4", "Atividade4\Atividade4.csproj", "{434F7FAD-B9A0-43F2-87C8-06C8D24FFCAD}"
EndProject
Project("{FAE04EC0-301F-11D3-BF4B-00C04F79EFBC}") = "Atividade5", "Atividade5\Atividade5.csproj", "{A2FA9CA3-E5BD-4992-B7AA-54262023604D}"
EndProject
Project("{FAE04EC0-301F-11D3-BF4B-00C04F79EFBC}") = "Atividade6", "Atividade6\Atividade6.csproj", "{755461AF-5756-46C3-9DD4-246E4FC8505E}"
EndProject
Project("{FAE04EC0-301F-11D3-BF4B-00C04F79EFBC}") = "Atividade7", "Atividade7\Atividade7.csproj", "{A3F47361-A45C-49D8-B74F-933FC4712A62}"
EndProject
Project("{FAE04EC0-301F-11D3-BF4B-00C04F79EFBC}") = "Atividade8", "Atividade8\Atividade8.csproj", "{29153F52-259B-49BE-ABF3-110487F1D110}"
EndProject
Project("{FAE04EC0-301F-11D3-BF4B-00C04F79EFBC}") = "Atividade9", "Atividade9\Atividade9.csproj", "{CF43FA70-D9AF-422E-80DB-0FC571F79C6B}"
EndProject
Project("{FAE04EC0-301F-11D3-BF4B-00C04F79EFBC}") = "Atividade10", "Atividade10\Atividade10.csproj", "{6BD00C32-8D0D-4047-B3D0-62ED18634E82}"
EndProject
Global
	GlobalSection(SolutionConfigurationPlatforms) = preSolution
		Debug|Any CPU = Debug|Any CPU
		Release|Any CPU = Release|Any CPU
	EndGlobalSection
	GlobalSection(ProjectConfigurationPlatforms) = postSolution
		{10712247-E3EF-45BF-BEAC-A8B0EB31702E}.Debug|Any CPU.ActiveCfg = Debug|Any CPU
		{10712247-E3EF-45BF-BEAC-A8B0EB31702E}.Debug|Any CPU.Build.0 = Debug|Any CPU
		{10712247-E3EF-45BF-BEAC-A8B0EB31702E}.Release|Any CPU.ActiveCfg = Release|Any CPU
		{10712247-E3EF-45BF-BEAC-A8B0EB31702E}.Release|Any CPU.Build.0 = Release|Any CPU
		{214E943F-1A1F-4955-861A-99823BA72F7E}.Debug|Any CPU.ActiveCfg = Debug|Any CPU
		{214E943F-1A1F-4955-861A-99823BA72F7E}.Debug|Any CPU.Build.0 = Debug|Any CPU
		{214E943F-1A1F-4955-861A-99823BA72F7E}.Release|Any CPU.ActiveCfg = Release|Any CPU
		{214E943F-1A1F-4955-861A-99823BA72F7E}.Release|Any CPU.Build.0 = Release|Any CPU
		{64912F30-797F-41DA-B5B9-87372E0345C2}.Debug|Any CPU.ActiveCfg = Debug|Any CPU
		{64912F30-797F-41DA-B5B9-87372E0345C2}.Debug|Any CPU.Build.0 = Debug|Any CPU
		{64912F30-797F-41DA-B5B9-87372E0345C2}.Release|Any CPU.ActiveCfg = Release|Any CPU
		{64912F30-797F-41DA-B5B9-87372E0345C2}.Release|Any CPU.Build.0 = Release|Any CPU
		{434F7FAD-B9A0-43F2-87C8-06C8D24FFCAD}.Debug|Any CPU.ActiveCfg = Debug|Any CPU
		{434F7FAD-B9A0-43F2-87C8-06C8D24FFCAD}.Debug|Any CPU.Build.0 = Debug|Any CPU
		{434F7FAD-B9A0-43F2-87C8-06C8D24FFCAD}.Release|Any CPU.ActiveCfg = Release|Any CPU
		{434F7FAD-B9A0-43F2-87C8-06C8D24FFCAD}.Release|Any CPU.Build.0 = Release|Any CPU
		{A2FA9CA3-E5BD-4992-B7AA-54262023604D}.Debug|Any CPU.ActiveCfg = Debug|Any CPU
		{A2FA9CA3-E5BD-4992-B7AA-54262023604D}.Debug|Any CPU.Build.0 = Debug|Any CPU
		{A2FA9CA3-E5BD-4992-B7AA-54262023604D}.Release|Any CPU.ActiveCfg = Release|Any CPU
		{A2FA9CA3-E5BD-4992-B7AA-54262023604D}.Release|Any CPU.Build.0 = Release|Any CPU
		{755461AF-5756-46C3-9DD4-246E4FC8505E}.Debug|Any CPU.ActiveCfg = Debug|Any CPU
		{755461AF-5756-46C3-9DD4-246E4FC8505E}.Debug|Any CPU.Build.0 = Debug|Any CPU
		{755461AF-5756-46C3-9DD4-246E4FC8505E}.Release|Any CPU.ActiveCfg = Release|Any CPU
		{755461AF-5756-46C3-9DD4-246E4FC8505E}.Release|Any CPU.Build.0 = Release|Any CPU
		{A3F47361-A45C-49D8-B74F-933FC4712A62}.Debug|Any CPU.ActiveCfg = Debug|Any CPU
		{A3F47361-A45C-49D8-B74F-933FC4712A62}.Debug|Any CPU.Build.0 = Debug|Any CPU
		{A3F47361-A45C-49D8-B74F-933FC4712A62}.Release|Any CPU.ActiveCfg = Release|Any CPU
		{A3F47361-A45C-49D8-B74F-933FC4712A62}.Release|Any CPU.Build.0 = Release|Any CPU
		{29153F52-259B-49BE-ABF3-110487F1D110}.Debug|Any CPU.ActiveCfg = Debug|Any CPU
		{29153F52-259B-49BE-ABF3-110487F1D110}.Debug|Any CPU.Build.0 = Debug|Any CPU
		{29153F52-259B-49BE-ABF3-110487F1D110}.Release|Any CPU.ActiveCfg = Release|Any CPU
		{29153F52-259B-49BE-ABF3-110487F1D110}.Release|Any CPU.Build.0 = Release|Any CPU
		{CF43FA70-D9AF-422E-80DB-0FC571F79C6B}.Debug|Any CPU.ActiveCfg = Debug|Any CPU
		{CF43FA70-D9AF-422E-80DB-0FC571F79C6B}.Debug|Any CPU.Build.0 = Debug|Any CPU
		{CF43FA70-D9AF-422E-80DB-0FC571F79C6B}.Release|Any CPU.ActiveCfg = Release|Any CPU
		{CF43FA70-D9AF-422E-80DB-0FC571F79C6B}.Release|Any CPU.Build.0 = Release|Any CPU
		{6BD00C32-8D0D-4047-B3D0-62ED18634E82}.Debug|Any CPU.ActiveCfg = Debug|Any CPU
		{6BD00C32-8D0D-4047-B3D0-62ED18634E82}.Debug|Any CPU.Build.0 = Debug|Any CPU
		{6BD00C32-8D0D-4047-B3D0-62ED18634E82}.Release|Any CPU.ActiveCfg = Release|Any CPU
		{6BD00C32-8D0D-4047-B3D0-62ED18634E82}.Release|Any CPU.Build.0 = Release|Any CPU
	EndGlobalSection
	GlobalSection(SolutionProperties) = preSolution
		HideSolutionNode = FALSE
	EndGlobalSection
	GlobalSection(ExtensibilityGlobals) = postSolution
		SolutionGuid = {A6ABA6F4-A3EF-4974-8858-4D766EFD6A9B}
	EndGlobalSection
EndGlobal
